
Microsoft Visual Studio Solution File, Format Version 12.00
# Visual Studio Version 16
VisualStudioVersion = 16.0.33927.289
MinimumVisualStudioVersion = 10.0.40219.1
Project("{2150E333-8FDC-42A3-9474-1A3956D46DE8}") = "Task0", "Task0", "{6B9D506E-987E-470F-93BC-0DEC7D46A0E1}"
EndProject
Project("{FAE04EC0-301F-11D3-BF4B-00C04F79EFBC}") = "Tyuiu.IvanchikovDA.Sprint1.Task0.V0", "Tyuiu.IvanchikovDA.Sprint1.Task0.V0\Tyuiu.IvanchikovDA.Sprint1.Task0.V0.csproj", "{5B301EF0-859F-4A58-BBF1-E33E7BF0F3EC}"
EndProject
Project("{FAE04EC0-301F-11D3-BF4B-00C04F79EFBC}") = "Tyuiu.IvanchikovDA.Sprint1.Task0.V0.Lib", "Tyuiu.IvanchikovDA.Sprint1.Task0.V0.Lib\Tyuiu.IvanchikovDA.Sprint1.Task0.V0.Lib.csproj", "{7D9557A5-239C-4464-A904-8F29D1C3A3FF}"
EndProject
Project("{FAE04EC0-301F-11D3-BF4B-00C04F79EFBC}") = "Tyuiu.IvanchikovDA.Sprint1.Task0.V0.Test", "Tyuiu.IvanchikovDA.Sprint1.Task0.V0.Test\Tyuiu.IvanchikovDA.Sprint1.Task0.V0.Test.csproj", "{11CD46C0-DDB6-4860-8B10-C704BD1B4BEE}"
EndProject
Project("{2150E333-8FDC-42A3-9474-1A3956D46DE8}") = "Task1", "Task1", "{A0560DC1-8889-4644-9740-76DA89B7FED2}"
EndProject
Project("{FAE04EC0-301F-11D3-BF4B-00C04F79EFBC}") = "Tyuiu.IvanchikovDA.Sprint1.Task1", "Tyuiu.IvanchikovDA.Sprint1.Task1\Tyuiu.IvanchikovDA.Sprint1.Task1.csproj", "{BF405428-F5DD-4194-88A8-2DC7E14CE08D}"
EndProject
Project("{FAE04EC0-301F-11D3-BF4B-00C04F79EFBC}") = "Tyuiu.IvanchikovDA.Sprint1.Task1.Lib", "Tyuiu.IvanchikovDA.Sprint1.Task1.Lib\Tyuiu.IvanchikovDA.Sprint1.Task1.Lib.csproj", "{2934FA16-5E3E-4274-BBCC-E0FA995B443C}"
EndProject
Project("{FAE04EC0-301F-11D3-BF4B-00C04F79EFBC}") = "Tyuiu.IvanchikovDA.Sprint1.Task1.Test", "Tyuiu.IvanchikovDA.Sprint1.Task1.Test\Tyuiu.IvanchikovDA.Sprint1.Task1.Test.csproj", "{9370AF6B-5D18-4F1C-98EF-729BE42CA78D}"
EndProject
Project("{2150E333-8FDC-42A3-9474-1A3956D46DE8}") = "Task2", "Task2", "{10686264-F124-4129-A40F-8B7905942C33}"
EndProject
Project("{FAE04EC0-301F-11D3-BF4B-00C04F79EFBC}") = "Tyuiu.IvanchikovDA.Sprint1.Task2.V25", "Tyuiu.IvanchikovDA.Sprint1.Task2.V14\Tyuiu.IvanchikovDA.Sprint1.Task2.V25.csproj", "{16553BC8-81E3-43F6-BEE5-736706DFC0C3}"
EndProject
Project("{FAE04EC0-301F-11D3-BF4B-00C04F79EFBC}") = "Tyuiu.IvanchikovDA.Sprint1.Task2.V25.Lib", "Tyuiu.IvanchikovDA.Sprint1.Task2.V14.Lib\Tyuiu.IvanchikovDA.Sprint1.Task2.V25.Lib.csproj", "{A0DA23DD-8624-453D-94C1-CF3BC2EAC243}"
EndProject
Project("{FAE04EC0-301F-11D3-BF4B-00C04F79EFBC}") = "Tyuiu.IvanchikovDA.Sprint1.Task2.V25.Test", "Tyuiu.IvanchikovDA.Sprint1.Task2.V14.Test\Tyuiu.IvanchikovDA.Sprint1.Task2.V25.Test.csproj", "{3664DEAA-FEE3-49E8-86CD-7E0CB415E766}"
EndProject
Project("{2150E333-8FDC-42A3-9474-1A3956D46DE8}") = "Task3", "Task3", "{4383B11E-1ECC-4A45-99B5-C84F566238F3}"
EndProject
Project("{FAE04EC0-301F-11D3-BF4B-00C04F79EFBC}") = "Tyuiu.IvanchikovDA.Sprint1.Task3.V2", "Tyuiu.IvanchikovDA.Sprint1.Task3.V2\Tyuiu.IvanchikovDA.Sprint1.Task3.V2.csproj", "{70B385D0-1CA1-4548-9587-F0165B9724C4}"
EndProject
Project("{FAE04EC0-301F-11D3-BF4B-00C04F79EFBC}") = "Tyuiu.IvanchikovDA.Sprint1.Task3.V2.Lib", "Tyuiu.IvanchikovDA.Sprint1.Task3.V2.Lib\Tyuiu.IvanchikovDA.Sprint1.Task3.V2.Lib.csproj", "{B1CB9B78-07D8-4EC1-8923-7D5206CBF6CF}"
EndProject
Project("{FAE04EC0-301F-11D3-BF4B-00C04F79EFBC}") = "Tyuiu.IvanchikovDA.Sprint1.Task3.V2.Test", "Tyuiu.IvanchikovDA.Sprint1.Task3.V2.Test\Tyuiu.IvanchikovDA.Sprint1.Task3.V2.Test.csproj", "{36356B0F-FE96-4394-A834-5606453F704C}"
EndProject
Project("{2150E333-8FDC-42A3-9474-1A3956D46DE8}") = "Task4", "Task4", "{DAE928B3-5287-42E0-A691-50E3BDB740A4}"
EndProject
Project("{FAE04EC0-301F-11D3-BF4B-00C04F79EFBC}") = "Tyuiu.IvanchikovDA.Sprint1.Task4.V30", "Tyuiu.IvanchikovDA.Sprint1.Task4.V30\Tyuiu.IvanchikovDA.Sprint1.Task4.V30.csproj", "{1DCC4EF7-F154-4808-BE8D-C4F9051BF902}"
EndProject
Project("{FAE04EC0-301F-11D3-BF4B-00C04F79EFBC}") = "Tyuiu.IvanchikovDA.Sprint1.Task4.V30.Lib", "Tyuiu.IvanchikovDA.Sprint1.Task4.V30.Lib\Tyuiu.IvanchikovDA.Sprint1.Task4.V30.Lib.csproj", "{EA81C985-67D4-49F8-A11F-46B63E1168C3}"
EndProject
Project("{FAE04EC0-301F-11D3-BF4B-00C04F79EFBC}") = "Tyuiu.IvanchikovDA.Sprint1.Task4.V30.Test", "Tyuiu.IvanchikovDA.Sprint1.Task4.V30.Test\Tyuiu.IvanchikovDA.Sprint1.Task4.V30.Test.csproj", "{F2F23CC7-DA98-4CE0-B463-DAAAC151A196}"
EndProject
Project("{2150E333-8FDC-42A3-9474-1A3956D46DE8}") = "Task5", "Task5", "{D9AB9CE6-3FA2-4989-A211-95382C19579A}"
EndProject
Project("{2150E333-8FDC-42A3-9474-1A3956D46DE8}") = "Task6", "Task6", "{6C5D69BD-8584-4C50-B712-F3E6FE69F826}"
EndProject
Project("{FAE04EC0-301F-11D3-BF4B-00C04F79EFBC}") = "Tyuiu.IvanchikovDA.Sprint1.Task6.V18", "Tyuiu.IvanchikovDA.Sprint1.Task6.V4\Tyuiu.IvanchikovDA.Sprint1.Task6.V18.csproj", "{C4FC6962-D864-467D-B1E3-E6002A527F03}"
EndProject
Project("{FAE04EC0-301F-11D3-BF4B-00C04F79EFBC}") = "Tyuiu.IvanchikovDA.Sprint1.Task5.V6", "Tyuiu.IvanchikovDA.Sprint1.Task5.V5\Tyuiu.IvanchikovDA.Sprint1.Task5.V6.csproj", "{4596CC09-C652-446E-8DC3-A4B1B17BC04D}"
EndProject
Project("{FAE04EC0-301F-11D3-BF4B-00C04F79EFBC}") = "Tyuiu.IvanchikovDA.Sprint1.Task5.V6.Lib", "Tyuiu.IvanchikovDA.Sprint1.Task5.V5.Lib\Tyuiu.IvanchikovDA.Sprint1.Task5.V6.Lib.csproj", "{0DA1D6D9-F54D-4675-85F6-B89C4B3B3F0D}"
EndProject
Project("{FAE04EC0-301F-11D3-BF4B-00C04F79EFBC}") = "Tyuiu.IvanchikovDA.Sprint1.Task5.V6.Test", "Tyuiu.IvanchikovDA.Sprint1.Task5.V5.Test\Tyuiu.IvanchikovDA.Sprint1.Task5.V6.Test.csproj", "{67AE43C8-02F6-4D22-908C-FDBC22945E5C}"
EndProject
Project("{FAE04EC0-301F-11D3-BF4B-00C04F79EFBC}") = "Tyuiu.IvanchikovDA.Sprint1.Task6.V18.Lib", "Tyuiu.IvanchikovDA.Sprint1.Task6.V4.Lib\Tyuiu.IvanchikovDA.Sprint1.Task6.V18.Lib.csproj", "{F60F2C37-037E-40F3-94AD-73BD93F46FB3}"
EndProject
Project("{FAE04EC0-301F-11D3-BF4B-00C04F79EFBC}") = "Tyuiu.IvanchikovDA.Sprint1.Task6.V18.Test", "Tyuiu.IvanchikovDA.Sprint1.Task6.V4.Test\Tyuiu.IvanchikovDA.Sprint1.Task6.V18.Test.csproj", "{7C00A84F-D48C-43F7-A2F4-728871DB249C}"
EndProject
Project("{2150E333-8FDC-42A3-9474-1A3956D46DE8}") = "Task7", "Task7", "{FB5BC8AF-0830-4D25-A31B-C9C10765295C}"
EndProject
Project("{FAE04EC0-301F-11D3-BF4B-00C04F79EFBC}") = "Tyuiu.IvanchikovDA.Sprint1.Task7.V21", "Tyuiu.IvanchikovDA.Sprint1.Task7.V21\Tyuiu.IvanchikovDA.Sprint1.Task7.V21.csproj", "{C22E9786-0A69-46D2-900E-ADAF4F910588}"
EndProject
Project("{FAE04EC0-301F-11D3-BF4B-00C04F79EFBC}") = "Tyuiu.IvanchikovDA.Sprint1.Task7.V21.Lib", "Tyuiu.IvanchikovDA.Sprint1.Task7.V21.Lib\Tyuiu.IvanchikovDA.Sprint1.Task7.V21.Lib.csproj", "{73DC29EE-9305-4E6B-BA12-D2FD3B01BA45}"
EndProject
Project("{FAE04EC0-301F-11D3-BF4B-00C04F79EFBC}") = "Tyuiu.IvanchikovDA.Sprint1.Task7.V21.Test", "Tyuiu.IvanchikovDA.Sprint1.Task7.V21.Test\Tyuiu.IvanchikovDA.Sprint1.Task7.V21.Test.csproj", "{CC91494E-D618-4B88-8FA5-216B99241EF0}"
EndProject
Global
	GlobalSection(SolutionConfigurationPlatforms) = preSolution
		Debug|Any CPU = Debug|Any CPU
		Release|Any CPU = Release|Any CPU
	EndGlobalSection
	GlobalSection(ProjectConfigurationPlatforms) = postSolution
		{5B301EF0-859F-4A58-BBF1-E33E7BF0F3EC}.Debug|Any CPU.ActiveCfg = Debug|Any CPU
		{5B301EF0-859F-4A58-BBF1-E33E7BF0F3EC}.Debug|Any CPU.Build.0 = Debug|Any CPU
		{5B301EF0-859F-4A58-BBF1-E33E7BF0F3EC}.Release|Any CPU.ActiveCfg = Release|Any CPU
		{5B301EF0-859F-4A58-BBF1-E33E7BF0F3EC}.Release|Any CPU.Build.0 = Release|Any CPU
		{7D9557A5-239C-4464-A904-8F29D1C3A3FF}.Debug|Any CPU.ActiveCfg = Debug|Any CPU
		{7D9557A5-239C-4464-A904-8F29D1C3A3FF}.Debug|Any CPU.Build.0 = Debug|Any CPU
		{7D9557A5-239C-4464-A904-8F29D1C3A3FF}.Release|Any CPU.ActiveCfg = Release|Any CPU
		{7D9557A5-239C-4464-A904-8F29D1C3A3FF}.Release|Any CPU.Build.0 = Release|Any CPU
		{11CD46C0-DDB6-4860-8B10-C704BD1B4BEE}.Debug|Any CPU.ActiveCfg = Debug|Any CPU
		{11CD46C0-DDB6-4860-8B10-C704BD1B4BEE}.Debug|Any CPU.Build.0 = Debug|Any CPU
		{11CD46C0-DDB6-4860-8B10-C704BD1B4BEE}.Release|Any CPU.ActiveCfg = Release|Any CPU
		{11CD46C0-DDB6-4860-8B10-C704BD1B4BEE}.Release|Any CPU.Build.0 = Release|Any CPU
		{BF405428-F5DD-4194-88A8-2DC7E14CE08D}.Debug|Any CPU.ActiveCfg = Debug|Any CPU
		{BF405428-F5DD-4194-88A8-2DC7E14CE08D}.Debug|Any CPU.Build.0 = Debug|Any CPU
		{BF405428-F5DD-4194-88A8-2DC7E14CE08D}.Release|Any CPU.ActiveCfg = Release|Any CPU
		{BF405428-F5DD-4194-88A8-2DC7E14CE08D}.Release|Any CPU.Build.0 = Release|Any CPU
		{2934FA16-5E3E-4274-BBCC-E0FA995B443C}.Debug|Any CPU.ActiveCfg = Debug|Any CPU
		{2934FA16-5E3E-4274-BBCC-E0FA995B443C}.Debug|Any CPU.Build.0 = Debug|Any CPU
		{2934FA16-5E3E-4274-BBCC-E0FA995B443C}.Release|Any CPU.ActiveCfg = Release|Any CPU
		{2934FA16-5E3E-4274-BBCC-E0FA995B443C}.Release|Any CPU.Build.0 = Release|Any CPU
		{9370AF6B-5D18-4F1C-98EF-729BE42CA78D}.Debug|Any CPU.ActiveCfg = Debug|Any CPU
		{9370AF6B-5D18-4F1C-98EF-729BE42CA78D}.Debug|Any CPU.Build.0 = Debug|Any CPU
		{9370AF6B-5D18-4F1C-98EF-729BE42CA78D}.Release|Any CPU.ActiveCfg = Release|Any CPU
		{9370AF6B-5D18-4F1C-98EF-729BE42CA78D}.Release|Any CPU.Build.0 = Release|Any CPU
		{16553BC8-81E3-43F6-BEE5-736706DFC0C3}.Debug|Any CPU.ActiveCfg = Debug|Any CPU
		{16553BC8-81E3-43F6-BEE5-736706DFC0C3}.Debug|Any CPU.Build.0 = Debug|Any CPU
		{16553BC8-81E3-43F6-BEE5-736706DFC0C3}.Release|Any CPU.ActiveCfg = Release|Any CPU
		{16553BC8-81E3-43F6-BEE5-736706DFC0C3}.Release|Any CPU.Build.0 = Release|Any CPU
		{A0DA23DD-8624-453D-94C1-CF3BC2EAC243}.Debug|Any CPU.ActiveCfg = Debug|Any CPU
		{A0DA23DD-8624-453D-94C1-CF3BC2EAC243}.Debug|Any CPU.Build.0 = Debug|Any CPU
		{A0DA23DD-8624-453D-94C1-CF3BC2EAC243}.Release|Any CPU.ActiveCfg = Release|Any CPU
		{A0DA23DD-8624-453D-94C1-CF3BC2EAC243}.Release|Any CPU.Build.0 = Release|Any CPU
		{3664DEAA-FEE3-49E8-86CD-7E0CB415E766}.Debug|Any CPU.ActiveCfg = Debug|Any CPU
		{3664DEAA-FEE3-49E8-86CD-7E0CB415E766}.Debug|Any CPU.Build.0 = Debug|Any CPU
		{3664DEAA-FEE3-49E8-86CD-7E0CB415E766}.Release|Any CPU.ActiveCfg = Release|Any CPU
		{3664DEAA-FEE3-49E8-86CD-7E0CB415E766}.Release|Any CPU.Build.0 = Release|Any CPU
		{70B385D0-1CA1-4548-9587-F0165B9724C4}.Debug|Any CPU.ActiveCfg = Debug|Any CPU
		{70B385D0-1CA1-4548-9587-F0165B9724C4}.Debug|Any CPU.Build.0 = Debug|Any CPU
		{70B385D0-1CA1-4548-9587-F0165B9724C4}.Release|Any CPU.ActiveCfg = Release|Any CPU
		{70B385D0-1CA1-4548-9587-F0165B9724C4}.Release|Any CPU.Build.0 = Release|Any CPU
		{B1CB9B78-07D8-4EC1-8923-7D5206CBF6CF}.Debug|Any CPU.ActiveCfg = Debug|Any CPU
		{B1CB9B78-07D8-4EC1-8923-7D5206CBF6CF}.Debug|Any CPU.Build.0 = Debug|Any CPU
		{B1CB9B78-07D8-4EC1-8923-7D5206CBF6CF}.Release|Any CPU.ActiveCfg = Release|Any CPU
		{B1CB9B78-07D8-4EC1-8923-7D5206CBF6CF}.Release|Any CPU.Build.0 = Release|Any CPU
		{36356B0F-FE96-4394-A834-5606453F704C}.Debug|Any CPU.ActiveCfg = Debug|Any CPU
		{36356B0F-FE96-4394-A834-5606453F704C}.Debug|Any CPU.Build.0 = Debug|Any CPU
		{36356B0F-FE96-4394-A834-5606453F704C}.Release|Any CPU.ActiveCfg = Release|Any CPU
		{36356B0F-FE96-4394-A834-5606453F704C}.Release|Any CPU.Build.0 = Release|Any CPU
		{1DCC4EF7-F154-4808-BE8D-C4F9051BF902}.Debug|Any CPU.ActiveCfg = Debug|Any CPU
		{1DCC4EF7-F154-4808-BE8D-C4F9051BF902}.Debug|Any CPU.Build.0 = Debug|Any CPU
		{1DCC4EF7-F154-4808-BE8D-C4F9051BF902}.Release|Any CPU.ActiveCfg = Release|Any CPU
		{1DCC4EF7-F154-4808-BE8D-C4F9051BF902}.Release|Any CPU.Build.0 = Release|Any CPU
		{EA81C985-67D4-49F8-A11F-46B63E1168C3}.Debug|Any CPU.ActiveCfg = Debug|Any CPU
		{EA81C985-67D4-49F8-A11F-46B63E1168C3}.Debug|Any CPU.Build.0 = Debug|Any CPU
		{EA81C985-67D4-49F8-A11F-46B63E1168C3}.Release|Any CPU.ActiveCfg = Release|Any CPU
		{EA81C985-67D4-49F8-A11F-46B63E1168C3}.Release|Any CPU.Build.0 = Release|Any CPU
		{F2F23CC7-DA98-4CE0-B463-DAAAC151A196}.Debug|Any CPU.ActiveCfg = Debug|Any CPU
		{F2F23CC7-DA98-4CE0-B463-DAAAC151A196}.Debug|Any CPU.Build.0 = Debug|Any CPU
		{F2F23CC7-DA98-4CE0-B463-DAAAC151A196}.Release|Any CPU.ActiveCfg = Release|Any CPU
		{F2F23CC7-DA98-4CE0-B463-DAAAC151A196}.Release|Any CPU.Build.0 = Release|Any CPU
		{C4FC6962-D864-467D-B1E3-E6002A527F03}.Debug|Any CPU.ActiveCfg = Debug|Any CPU
		{C4FC6962-D864-467D-B1E3-E6002A527F03}.Debug|Any CPU.Build.0 = Debug|Any CPU
		{C4FC6962-D864-467D-B1E3-E6002A527F03}.Release|Any CPU.ActiveCfg = Release|Any CPU
		{C4FC6962-D864-467D-B1E3-E6002A527F03}.Release|Any CPU.Build.0 = Release|Any CPU
		{4596CC09-C652-446E-8DC3-A4B1B17BC04D}.Debug|Any CPU.ActiveCfg = Debug|Any CPU
		{4596CC09-C652-446E-8DC3-A4B1B17BC04D}.Debug|Any CPU.Build.0 = Debug|Any CPU
		{4596CC09-C652-446E-8DC3-A4B1B17BC04D}.Release|Any CPU.ActiveCfg = Release|Any CPU
		{4596CC09-C652-446E-8DC3-A4B1B17BC04D}.Release|Any CPU.Build.0 = Release|Any CPU
		{0DA1D6D9-F54D-4675-85F6-B89C4B3B3F0D}.Debug|Any CPU.ActiveCfg = Debug|Any CPU
		{0DA1D6D9-F54D-4675-85F6-B89C4B3B3F0D}.Debug|Any CPU.Build.0 = Debug|Any CPU
		{0DA1D6D9-F54D-4675-85F6-B89C4B3B3F0D}.Release|Any CPU.ActiveCfg = Release|Any CPU
		{0DA1D6D9-F54D-4675-85F6-B89C4B3B3F0D}.Release|Any CPU.Build.0 = Release|Any CPU
		{67AE43C8-02F6-4D22-908C-FDBC22945E5C}.Debug|Any CPU.ActiveCfg = Debug|Any CPU
		{67AE43C8-02F6-4D22-908C-FDBC22945E5C}.Debug|Any CPU.Build.0 = Debug|Any CPU
		{67AE43C8-02F6-4D22-908C-FDBC22945E5C}.Release|Any CPU.ActiveCfg = Release|Any CPU
		{67AE43C8-02F6-4D22-908C-FDBC22945E5C}.Release|Any CPU.Build.0 = Release|Any CPU
		{F60F2C37-037E-40F3-94AD-73BD93F46FB3}.Debug|Any CPU.ActiveCfg = Debug|Any CPU
		{F60F2C37-037E-40F3-94AD-73BD93F46FB3}.Debug|Any CPU.Build.0 = Debug|Any CPU
		{F60F2C37-037E-40F3-94AD-73BD93F46FB3}.Release|Any CPU.ActiveCfg = Release|Any CPU
		{F60F2C37-037E-40F3-94AD-73BD93F46FB3}.Release|Any CPU.Build.0 = Release|Any CPU
		{7C00A84F-D48C-43F7-A2F4-728871DB249C}.Debug|Any CPU.ActiveCfg = Debug|Any CPU
		{7C00A84F-D48C-43F7-A2F4-728871DB249C}.Debug|Any CPU.Build.0 = Debug|Any CPU
		{7C00A84F-D48C-43F7-A2F4-728871DB249C}.Release|Any CPU.ActiveCfg = Release|Any CPU
		{7C00A84F-D48C-43F7-A2F4-728871DB249C}.Release|Any CPU.Build.0 = Release|Any CPU
		{C22E9786-0A69-46D2-900E-ADAF4F910588}.Debug|Any CPU.ActiveCfg = Debug|Any CPU
		{C22E9786-0A69-46D2-900E-ADAF4F910588}.Debug|Any CPU.Build.0 = Debug|Any CPU
		{C22E9786-0A69-46D2-900E-ADAF4F910588}.Release|Any CPU.ActiveCfg = Release|Any CPU
		{C22E9786-0A69-46D2-900E-ADAF4F910588}.Release|Any CPU.Build.0 = Release|Any CPU
		{73DC29EE-9305-4E6B-BA12-D2FD3B01BA45}.Debug|Any CPU.ActiveCfg = Debug|Any CPU
		{73DC29EE-9305-4E6B-BA12-D2FD3B01BA45}.Debug|Any CPU.Build.0 = Debug|Any CPU
		{73DC29EE-9305-4E6B-BA12-D2FD3B01BA45}.Release|Any CPU.ActiveCfg = Release|Any CPU
		{73DC29EE-9305-4E6B-BA12-D2FD3B01BA45}.Release|Any CPU.Build.0 = Release|Any CPU
		{CC91494E-D618-4B88-8FA5-216B99241EF0}.Debug|Any CPU.ActiveCfg = Debug|Any CPU
		{CC91494E-D618-4B88-8FA5-216B99241EF0}.Debug|Any CPU.Build.0 = Debug|Any CPU
		{CC91494E-D618-4B88-8FA5-216B99241EF0}.Release|Any CPU.ActiveCfg = Release|Any CPU
		{CC91494E-D618-4B88-8FA5-216B99241EF0}.Release|Any CPU.Build.0 = Release|Any CPU
	EndGlobalSection
	GlobalSection(SolutionProperties) = preSolution
		HideSolutionNode = FALSE
	EndGlobalSection
	GlobalSection(NestedProjects) = preSolution
		{5B301EF0-859F-4A58-BBF1-E33E7BF0F3EC} = {6B9D506E-987E-470F-93BC-0DEC7D46A0E1}
		{7D9557A5-239C-4464-A904-8F29D1C3A3FF} = {6B9D506E-987E-470F-93BC-0DEC7D46A0E1}
		{11CD46C0-DDB6-4860-8B10-C704BD1B4BEE} = {6B9D506E-987E-470F-93BC-0DEC7D46A0E1}
		{BF405428-F5DD-4194-88A8-2DC7E14CE08D} = {A0560DC1-8889-4644-9740-76DA89B7FED2}
		{2934FA16-5E3E-4274-BBCC-E0FA995B443C} = {A0560DC1-8889-4644-9740-76DA89B7FED2}
		{9370AF6B-5D18-4F1C-98EF-729BE42CA78D} = {A0560DC1-8889-4644-9740-76DA89B7FED2}
		{16553BC8-81E3-43F6-BEE5-736706DFC0C3} = {10686264-F124-4129-A40F-8B7905942C33}
		{A0DA23DD-8624-453D-94C1-CF3BC2EAC243} = {10686264-F124-4129-A40F-8B7905942C33}
		{3664DEAA-FEE3-49E8-86CD-7E0CB415E766} = {10686264-F124-4129-A40F-8B7905942C33}
		{70B385D0-1CA1-4548-9587-F0165B9724C4} = {4383B11E-1ECC-4A45-99B5-C84F566238F3}
		{B1CB9B78-07D8-4EC1-8923-7D5206CBF6CF} = {4383B11E-1ECC-4A45-99B5-C84F566238F3}
		{36356B0F-FE96-4394-A834-5606453F704C} = {4383B11E-1ECC-4A45-99B5-C84F566238F3}
		{1DCC4EF7-F154-4808-BE8D-C4F9051BF902} = {DAE928B3-5287-42E0-A691-50E3BDB740A4}
		{EA81C985-67D4-49F8-A11F-46B63E1168C3} = {DAE928B3-5287-42E0-A691-50E3BDB740A4}
		{F2F23CC7-DA98-4CE0-B463-DAAAC151A196} = {DAE928B3-5287-42E0-A691-50E3BDB740A4}
		{C4FC6962-D864-467D-B1E3-E6002A527F03} = {6C5D69BD-8584-4C50-B712-F3E6FE69F826}
		{4596CC09-C652-446E-8DC3-A4B1B17BC04D} = {D9AB9CE6-3FA2-4989-A211-95382C19579A}
		{0DA1D6D9-F54D-4675-85F6-B89C4B3B3F0D} = {D9AB9CE6-3FA2-4989-A211-95382C19579A}
		{67AE43C8-02F6-4D22-908C-FDBC22945E5C} = {D9AB9CE6-3FA2-4989-A211-95382C19579A}
		{F60F2C37-037E-40F3-94AD-73BD93F46FB3} = {6C5D69BD-8584-4C50-B712-F3E6FE69F826}
		{7C00A84F-D48C-43F7-A2F4-728871DB249C} = {6C5D69BD-8584-4C50-B712-F3E6FE69F826}
		{C22E9786-0A69-46D2-900E-ADAF4F910588} = {FB5BC8AF-0830-4D25-A31B-C9C10765295C}
		{73DC29EE-9305-4E6B-BA12-D2FD3B01BA45} = {FB5BC8AF-0830-4D25-A31B-C9C10765295C}
		{CC91494E-D618-4B88-8FA5-216B99241EF0} = {FB5BC8AF-0830-4D25-A31B-C9C10765295C}
	EndGlobalSection
	GlobalSection(ExtensibilityGlobals) = postSolution
		SolutionGuid = {112954BB-5701-4F3D-BCF7-A3896B75B4EF}
	EndGlobalSection
EndGlobal
